
Microsoft Visual Studio Solution File, Format Version 12.00
# Visual Studio Version 17
VisualStudioVersion = 17.7.34024.191
MinimumVisualStudioVersion = 10.0.40219.1
Project("{FAE04EC0-301F-11D3-BF4B-00C04F79EFBC}") = "ACM.BL", "ACM.BL\ACM.BL.csproj", "{9F53C228-9A11-4E60-A247-BF8A981150AF}"
EndProject
Global
	GlobalSection(SolutionConfigurationPlatforms) = preSolution
		Debug|Any CPU = Debug|Any CPU
		Release|Any CPU = Release|Any CPU
	EndGlobalSection
	GlobalSection(ProjectConfigurationPlatforms) = postSolution
		{9F53C228-9A11-4E60-A247-BF8A981150AF}.Debug|Any CPU.ActiveCfg = Debug|Any CPU
		{9F53C228-9A11-4E60-A247-BF8A981150AF}.Debug|Any CPU.Build.0 = Debug|Any CPU
		{9F53C228-9A11-4E60-A247-BF8A981150AF}.Release|Any CPU.ActiveCfg = Release|Any CPU
		{9F53C228-9A11-4E60-A247-BF8A981150AF}.Release|Any CPU.Build.0 = Release|Any CPU
	EndGlobalSection
	GlobalSection(SolutionProperties) = preSolution
		HideSolutionNode = FALSE
	EndGlobalSection
	GlobalSection(ExtensibilityGlobals) = postSolution
		SolutionGuid = {D85FB44D-D97A-4E4C-8A81-E01E1A505A21}
	EndGlobalSection
EndGlobal
